{
  "name": "zcap-zod",
  "version": "0.1.0",
  "lockfileVersion": 3,
  "requires": true,
  "packages": {
    "": {
      "name": "zcap-zod",
      "version": "0.1.0",
      "license": "MIT",
      "devDependencies": {
        "@types/node": "^26.2.0",
        "typescript": "^6.0.3",
        "zcap-spec-examples": "^0.2.0",
        "zod": "^4.4.3"
      },
      "engines": {
        "node": ">=20"
      },
      "peerDependencies": {
        "zod": "^4.0.0"
      }
    },
    "node_modules/@types/node": {
      "version": "26.2.0",
      "resolved": "https://registry.npmjs.org/@types/node/-/node-26.2.0.tgz",
      "integrity": "sha512-5IviulTZeRNp2vAJ514cc/HUlY5nZ9fCbq9DMyC52BrhFZACo3nI0R7qBxhQmo/d27NFe96ur/b7Wwxklda+kg==",
      "dev": true,
      "license": "MIT",
      "dependencies": {
        "undici-types": "~8.3.0"
      }
    },
    "node_modules/typescript": {
      "version": "6.0.3",
      "resolved": "https://registry.npmjs.org/typescript/-/typescript-6.0.3.tgz",
      "integrity": "sha512-y2TvuxSZPDyQakkFRPZHKFm+KKVqIisdg9/CZwm9ftvKXLP8NRWj38/ODjNbr43SsoXqNuAisEf1GdCxqWcdBw==",
      "dev": true,
      "license": "Apache-2.0",
      "bin": {
        "tsc": "bin/tsc",
        "tsserver": "bin/tsserver"
      },
      "engines": {
        "node": ">=14.17"
      }
    },
    "node_modules/undici-types": {
      "version": "8.3.0",
      "resolved": "https://registry.npmjs.org/undici-types/-/undici-types-8.3.0.tgz",
      "integrity": "sha512-j375ScV60dom+YkPFIfTLcOiPxkN/buHz5GobjLhixFuANaNs3C9l4GmrWqejgXWJ7BbJcFYpTEUkS1Ge8bpZQ==",
      "dev": true,
      "license": "MIT"
    },
    "node_modules/zcap-spec-examples": {
      "version": "0.2.0",
      "resolved": "https://registry.npmjs.org/zcap-spec-examples/-/zcap-spec-examples-0.2.0.tgz",
      "integrity": "sha512-VXfvUh2jKsLTP/v+VB9kMqbA3R8NHLFwmzzcw/ELzV7whmbBM5vPTL4Isa7bZyPQbgzq+/gxGFt0MzrbGEKyhA==",
      "dev": true,
      "license": "MIT",
      "bin": {
        "zcap-spec-examples": "dist/zcap-spec-examples.js"
      },
      "engines": {
        "node": ">=20.0.0"
      }
    },
    "node_modules/zod": {
      "version": "4.4.3",
      "resolved": "https://registry.npmjs.org/zod/-/zod-4.4.3.tgz",
      "integrity": "sha512-ytENFjIJFl2UwYglde2jchW2Hwm4GJFLDiSXWdTrJQBIN9Fcyp7n4DhxJEiWNAJMV1/BqWfW/kkg71UDcHJyTQ==",
      "dev": true,
      "license": "MIT",
      "funding": {
        "url": "https://github.com/sponsors/colinhacks"
      }
    }
  }
}
